{
    "_readme": [
        "This file locks the dependencies of your project to a known state",
        "Read more about it at https://getcomposer.org/doc/01-basic-usage.md#installing-dependencies",
        "This file is @generated automatically"
    ],
    "content-hash": "fae742524851f31cc6be88e65b23b24a",
    "packages": [
        {
            "name": "claviska/simpleimage",
            "version": "4.1.0",
            "source": {
                "type": "git",
                "url": "https://github.com/claviska/SimpleImage.git",
                "reference": "1dcb9c785c44960890970d26e25c437a2a252bbf"
            },
            "dist": {
                "type": "zip",
                "url": "https://api.github.com/repos/claviska/SimpleImage/zipball/1dcb9c785c44960890970d26e25c437a2a252bbf",
                "reference": "1dcb9c785c44960890970d26e25c437a2a252bbf",
                "shasum": ""
            },
            "require": {
                "ext-gd": "*",
                "league/color-extractor": "0.4.*",
                "php": ">=8.0"
            },
            "require-dev": {
                "laravel/pint": "^1.5",
                "phpstan/phpstan": "^1.10"
            },
            "type": "library",
            "autoload": {
                "psr-0": {
                    "claviska": "src/"
                }
            },
            "notification-url": "https://packagist.org/downloads/",
            "license": [
                "MIT"
            ],
            "authors": [
                {
                    "name": "Cory LaViska",
                    "homepage": "http://www.abeautifulsite.net/",
                    "role": "Developer"
                }
            ],
            "description": "A PHP class that makes working with images as simple as possible.",
            "support": {
                "issues": "https://github.com/claviska/SimpleImage/issues",
                "source": "https://github.com/claviska/SimpleImage/tree/4.1.0"
            },
            "funding": [
                {
                    "url": "https://github.com/claviska",
                    "type": "github"
                }
            ],
            "time": "2024-03-04T15:41:11+00:00"
        },
        {
            "name": "league/color-extractor",
            "version": "0.4.0",
            "source": {
                "type": "git",
                "url": "https://github.com/thephpleague/color-extractor.git",
                "reference": "21fcac6249c5ef7d00eb83e128743ee6678fe505"
            },
            "dist": {
                "type": "zip",
                "url": "https://api.github.com/repos/thephpleague/color-extractor/zipball/21fcac6249c5ef7d00eb83e128743ee6678fe505",
                "reference": "21fcac6249c5ef7d00eb83e128743ee6678fe505",
                "shasum": ""
            },
            "require": {
                "ext-gd": "*",
                "php": "^7.3 || ^8.0"
            },
            "replace": {
                "matthecat/colorextractor": "*"
            },
            "require-dev": {
                "friendsofphp/php-cs-fixer": "~2",
                "phpunit/phpunit": "^9.5"
            },
            "suggest": {
                "ext-curl": "To download images from remote URLs if allow_url_fopen is disabled for security reasons"
            },
            "type": "library",
            "autoload": {
                "psr-4": {
                    "League\\ColorExtractor\\": "src"
                }
            },
            "notification-url": "https://packagist.org/downloads/",
            "license": [
                "MIT"
            ],
            "authors": [
                {
                    "name": "Mathieu Lechat",
                    "email": "math.lechat@gmail.com",
                    "homepage": "http://matthecat.com",
                    "role": "Developer"
                }
            ],
            "description": "Extract colors from an image as a human would do.",
            "homepage": "https://github.com/thephpleague/color-extractor",
            "keywords": [
                "color",
                "extract",
                "human",
                "image",
                "palette"
            ],
            "support": {
                "issues": "https://github.com/thephpleague/color-extractor/issues",
                "source": "https://github.com/thephpleague/color-extractor/tree/0.4.0"
            },
            "time": "2022-09-24T15:57:16+00:00"
        }
    ],
    "packages-dev": [],
    "aliases": [],
    "minimum-stability": "stable",
    "stability-flags": [],
    "prefer-stable": false,
    "prefer-lowest": false,
    "platform": [],
    "platform-dev": [],
    "plugin-api-version": "2.6.0"
}
